
Microsoft Visual Studio Solution File, Format Version 12.00
# Visual Studio Version 17
VisualStudioVersion = 17.9.34723.18
MinimumVisualStudioVersion = 10.0.40219.1
Project("{FAE04EC0-301F-11D3-BF4B-00C04F79EFBC}") = "HusSagLib", "HusSagLib\HusSagLib.csproj", "{7127A548-971F-4069-AD9D-7A934ED04B3D}"
EndProject
Project("{FAE04EC0-301F-11D3-BF4B-00C04F79EFBC}") = "HusSagLibTests", "HusSagLibTests\HusSagLibTests.csproj", "{ACA81C89-9558-4221-8391-A0BAC39FECA9}"
EndProject
Global
	GlobalSection(SolutionConfigurationPlatforms) = preSolution
		Debug|Any CPU = Debug|Any CPU
		Release|Any CPU = Release|Any CPU
	EndGlobalSection
	GlobalSection(ProjectConfigurationPlatforms) = postSolution
		{7127A548-971F-4069-AD9D-7A934ED04B3D}.Debug|Any CPU.ActiveCfg = Debug|Any CPU
		{7127A548-971F-4069-AD9D-7A934ED04B3D}.Debug|Any CPU.Build.0 = Debug|Any CPU
		{7127A548-971F-4069-AD9D-7A934ED04B3D}.Release|Any CPU.ActiveCfg = Release|Any CPU
		{7127A548-971F-4069-AD9D-7A934ED04B3D}.Release|Any CPU.Build.0 = Release|Any CPU
		{ACA81C89-9558-4221-8391-A0BAC39FECA9}.Debug|Any CPU.ActiveCfg = Debug|Any CPU
		{ACA81C89-9558-4221-8391-A0BAC39FECA9}.Debug|Any CPU.Build.0 = Debug|Any CPU
		{ACA81C89-9558-4221-8391-A0BAC39FECA9}.Release|Any CPU.ActiveCfg = Release|Any CPU
		{ACA81C89-9558-4221-8391-A0BAC39FECA9}.Release|Any CPU.Build.0 = Release|Any CPU
	EndGlobalSection
	GlobalSection(SolutionProperties) = preSolution
		HideSolutionNode = FALSE
	EndGlobalSection
	GlobalSection(ExtensibilityGlobals) = postSolution
		SolutionGuid = {0D7CEDF1-9943-4C7A-8354-A7E5211E186D}
	EndGlobalSection
EndGlobal
